
Microsoft Visual Studio Solution File, Format Version 12.00
# Visual Studio Version 17
VisualStudioVersion = 17.8.34525.116
MinimumVisualStudioVersion = 10.0.40219.1
Project("{8BC9CEB8-8B4A-11D0-8D11-00A0C91BC942}") = "Inventory_Managment_System", "Inventory_Managment_System.vcxproj", "{75BD1055-5406-4102-A42B-377B1DEDCEDC}"
EndProject
Global
	GlobalSection(SolutionConfigurationPlatforms) = preSolution
		Debug|x64 = Debug|x64
		Debug|x86 = Debug|x86
		Release|x64 = Release|x64
		Release|x86 = Release|x86
	EndGlobalSection
	GlobalSection(ProjectConfigurationPlatforms) = postSolution
		{75BD1055-5406-4102-A42B-377B1DEDCEDC}.Debug|x64.ActiveCfg = Debug|x64
		{75BD1055-5406-4102-A42B-377B1DEDCEDC}.Debug|x64.Build.0 = Debug|x64
		{75BD1055-5406-4102-A42B-377B1DEDCEDC}.Debug|x86.ActiveCfg = Debug|Win32
		{75BD1055-5406-4102-A42B-377B1DEDCEDC}.Debug|x86.Build.0 = Debug|Win32
		{75BD1055-5406-4102-A42B-377B1DEDCEDC}.Release|x64.ActiveCfg = Release|x64
		{75BD1055-5406-4102-A42B-377B1DEDCEDC}.Release|x64.Build.0 = Release|x64
		{75BD1055-5406-4102-A42B-377B1DEDCEDC}.Release|x86.ActiveCfg = Release|Win32
		{75BD1055-5406-4102-A42B-377B1DEDCEDC}.Release|x86.Build.0 = Release|Win32
	EndGlobalSection
	GlobalSection(SolutionProperties) = preSolution
		HideSolutionNode = FALSE
	EndGlobalSection
	GlobalSection(ExtensibilityGlobals) = postSolution
		SolutionGuid = {B7A2093F-859D-40FB-B0CB-F148F2EA1FB8}
	EndGlobalSection
EndGlobal
